
Microsoft Visual Studio Solution File, Format Version 12.00
# Visual Studio Version 16
VisualStudioVersion = 16.0.30804.86
MinimumVisualStudioVersion = 10.0.40219.1
Project("{FAE04EC0-301F-11D3-BF4B-00C04F79EFBC}") = "checked_unchecked", "checked_unchecked\checked_unchecked.csproj", "{F6FFAC2A-E1E6-492F-9B49-32F8829254B9}"
EndProject
Global
	GlobalSection(SolutionConfigurationPlatforms) = preSolution
		Debug|Any CPU = Debug|Any CPU
		Release|Any CPU = Release|Any CPU
	EndGlobalSection
	GlobalSection(ProjectConfigurationPlatforms) = postSolution
		{F6FFAC2A-E1E6-492F-9B49-32F8829254B9}.Debug|Any CPU.ActiveCfg = Debug|Any CPU
		{F6FFAC2A-E1E6-492F-9B49-32F8829254B9}.Debug|Any CPU.Build.0 = Debug|Any CPU
		{F6FFAC2A-E1E6-492F-9B49-32F8829254B9}.Release|Any CPU.ActiveCfg = Release|Any CPU
		{F6FFAC2A-E1E6-492F-9B49-32F8829254B9}.Release|Any CPU.Build.0 = Release|Any CPU
	EndGlobalSection
	GlobalSection(SolutionProperties) = preSolution
		HideSolutionNode = FALSE
	EndGlobalSection
	GlobalSection(ExtensibilityGlobals) = postSolution
		SolutionGuid = {9D25B31F-BFE4-456B-8BF6-A0D224A35975}
	EndGlobalSection
EndGlobal
