
Microsoft Visual Studio Solution File, Format Version 12.00
# Visual Studio Version 16
VisualStudioVersion = 16.0.30804.86
MinimumVisualStudioVersion = 10.0.40219.1
Project("{FAE04EC0-301F-11D3-BF4B-00C04F79EFBC}") = "bucleWhile", "bucleWhile\bucleWhile.csproj", "{D37074B3-418D-4D5D-949D-E7A814AABB75}"
EndProject
Global
	GlobalSection(SolutionConfigurationPlatforms) = preSolution
		Debug|Any CPU = Debug|Any CPU
		Release|Any CPU = Release|Any CPU
	EndGlobalSection
	GlobalSection(ProjectConfigurationPlatforms) = postSolution
		{D37074B3-418D-4D5D-949D-E7A814AABB75}.Debug|Any CPU.ActiveCfg = Debug|Any CPU
		{D37074B3-418D-4D5D-949D-E7A814AABB75}.Debug|Any CPU.Build.0 = Debug|Any CPU
		{D37074B3-418D-4D5D-949D-E7A814AABB75}.Release|Any CPU.ActiveCfg = Release|Any CPU
		{D37074B3-418D-4D5D-949D-E7A814AABB75}.Release|Any CPU.Build.0 = Release|Any CPU
	EndGlobalSection
	GlobalSection(SolutionProperties) = preSolution
		HideSolutionNode = FALSE
	EndGlobalSection
	GlobalSection(ExtensibilityGlobals) = postSolution
		SolutionGuid = {109829E8-3FD9-4DDE-9D5A-1409BA9A2B68}
	EndGlobalSection
EndGlobal
