
Microsoft Visual Studio Solution File, Format Version 12.00
# Visual Studio Version 16
VisualStudioVersion = 16.0.30804.86
MinimumVisualStudioVersion = 10.0.40219.1
Project("{FAE04EC0-301F-11D3-BF4B-00C04F79EFBC}") = "ambitoMetodo", "ambitoMetodo\ambitoMetodo.csproj", "{4C195997-51C1-41B4-8623-6975B80DB97C}"
EndProject
Global
	GlobalSection(SolutionConfigurationPlatforms) = preSolution
		Debug|Any CPU = Debug|Any CPU
		Release|Any CPU = Release|Any CPU
	EndGlobalSection
	GlobalSection(ProjectConfigurationPlatforms) = postSolution
		{4C195997-51C1-41B4-8623-6975B80DB97C}.Debug|Any CPU.ActiveCfg = Debug|Any CPU
		{4C195997-51C1-41B4-8623-6975B80DB97C}.Debug|Any CPU.Build.0 = Debug|Any CPU
		{4C195997-51C1-41B4-8623-6975B80DB97C}.Release|Any CPU.ActiveCfg = Release|Any CPU
		{4C195997-51C1-41B4-8623-6975B80DB97C}.Release|Any CPU.Build.0 = Release|Any CPU
	EndGlobalSection
	GlobalSection(SolutionProperties) = preSolution
		HideSolutionNode = FALSE
	EndGlobalSection
	GlobalSection(ExtensibilityGlobals) = postSolution
		SolutionGuid = {0314E91D-F941-4533-B53B-416DBF5CAF04}
	EndGlobalSection
EndGlobal
