
Microsoft Visual Studio Solution File, Format Version 12.00
# Visual Studio Version 16
VisualStudioVersion = 16.0.31005.135
MinimumVisualStudioVersion = 10.0.40219.1
Project("{FAE04EC0-301F-11D3-BF4B-00C04F79EFBC}") = "Encapsulacion", "Encapsulacion\Encapsulacion.csproj", "{4617CE1A-580C-4024-8CFF-81DBD975351E}"
EndProject
Global
	GlobalSection(SolutionConfigurationPlatforms) = preSolution
		Debug|Any CPU = Debug|Any CPU
		Release|Any CPU = Release|Any CPU
	EndGlobalSection
	GlobalSection(ProjectConfigurationPlatforms) = postSolution
		{4617CE1A-580C-4024-8CFF-81DBD975351E}.Debug|Any CPU.ActiveCfg = Debug|Any CPU
		{4617CE1A-580C-4024-8CFF-81DBD975351E}.Debug|Any CPU.Build.0 = Debug|Any CPU
		{4617CE1A-580C-4024-8CFF-81DBD975351E}.Release|Any CPU.ActiveCfg = Release|Any CPU
		{4617CE1A-580C-4024-8CFF-81DBD975351E}.Release|Any CPU.Build.0 = Release|Any CPU
	EndGlobalSection
	GlobalSection(SolutionProperties) = preSolution
		HideSolutionNode = FALSE
	EndGlobalSection
	GlobalSection(ExtensibilityGlobals) = postSolution
		SolutionGuid = {C54EF2BF-0179-42A3-9E0E-029AB4DA124D}
	EndGlobalSection
EndGlobal
